
Microsoft Visual Studio Solution File, Format Version 12.00
# Visual Studio Version 17
VisualStudioVersion = 17.2.32616.157
MinimumVisualStudioVersion = 10.0.40219.1
Project("{9A19103F-16F7-4668-BE54-9A1E7A4F7556}") = "CookBook.Api", "CookBook.Api.csproj", "{554E4AA8-4C0B-48B9-ADB1-E170CCD52F64}"
EndProject
Project("{9A19103F-16F7-4668-BE54-9A1E7A4F7556}") = "CookBook.Domain", "..\CookBook.Domain\CookBook.Domain.csproj", "{A8ABD222-90DE-4B51-9F85-A64B70217EF7}"
EndProject
Project("{9A19103F-16F7-4668-BE54-9A1E7A4F7556}") = "CookBook.Infrastructure", "..\CookBook.Infrastructure\CookBook.Infrastructure.csproj", "{69C842EF-0814-4C92-89E0-1723733EC01F}"
EndProject
Project("{9A19103F-16F7-4668-BE54-9A1E7A4F7556}") = "CookBook.Frontend", "..\CookBook.Frontend\CookBook.Frontend.csproj", "{69C09726-391A-44AF-A484-4D86EACBC88E}"
EndProject
Project("{FAE04EC0-301F-11D3-BF4B-00C04F79EFBC}") = "CookBook.Application", "..\CookBook.Application\CookBook.Application.csproj", "{9D779FE6-DDD0-4B4A-8C84-C6189E9717D2}"
EndProject
Global
	GlobalSection(SolutionConfigurationPlatforms) = preSolution
		Debug|Any CPU = Debug|Any CPU
		Release|Any CPU = Release|Any CPU
	EndGlobalSection
	GlobalSection(ProjectConfigurationPlatforms) = postSolution
		{554E4AA8-4C0B-48B9-ADB1-E170CCD52F64}.Debug|Any CPU.ActiveCfg = Debug|Any CPU
		{554E4AA8-4C0B-48B9-ADB1-E170CCD52F64}.Debug|Any CPU.Build.0 = Debug|Any CPU
		{554E4AA8-4C0B-48B9-ADB1-E170CCD52F64}.Release|Any CPU.ActiveCfg = Release|Any CPU
		{554E4AA8-4C0B-48B9-ADB1-E170CCD52F64}.Release|Any CPU.Build.0 = Release|Any CPU
		{A8ABD222-90DE-4B51-9F85-A64B70217EF7}.Debug|Any CPU.ActiveCfg = Debug|Any CPU
		{A8ABD222-90DE-4B51-9F85-A64B70217EF7}.Debug|Any CPU.Build.0 = Debug|Any CPU
		{A8ABD222-90DE-4B51-9F85-A64B70217EF7}.Release|Any CPU.ActiveCfg = Release|Any CPU
		{A8ABD222-90DE-4B51-9F85-A64B70217EF7}.Release|Any CPU.Build.0 = Release|Any CPU
		{69C842EF-0814-4C92-89E0-1723733EC01F}.Debug|Any CPU.ActiveCfg = Debug|Any CPU
		{69C842EF-0814-4C92-89E0-1723733EC01F}.Debug|Any CPU.Build.0 = Debug|Any CPU
		{69C842EF-0814-4C92-89E0-1723733EC01F}.Release|Any CPU.ActiveCfg = Release|Any CPU
		{69C842EF-0814-4C92-89E0-1723733EC01F}.Release|Any CPU.Build.0 = Release|Any CPU
		{69C09726-391A-44AF-A484-4D86EACBC88E}.Debug|Any CPU.ActiveCfg = Debug|Any CPU
		{69C09726-391A-44AF-A484-4D86EACBC88E}.Debug|Any CPU.Build.0 = Debug|Any CPU
		{69C09726-391A-44AF-A484-4D86EACBC88E}.Release|Any CPU.ActiveCfg = Release|Any CPU
		{69C09726-391A-44AF-A484-4D86EACBC88E}.Release|Any CPU.Build.0 = Release|Any CPU
		{9D779FE6-DDD0-4B4A-8C84-C6189E9717D2}.Debug|Any CPU.ActiveCfg = Debug|Any CPU
		{9D779FE6-DDD0-4B4A-8C84-C6189E9717D2}.Debug|Any CPU.Build.0 = Debug|Any CPU
		{9D779FE6-DDD0-4B4A-8C84-C6189E9717D2}.Release|Any CPU.ActiveCfg = Release|Any CPU
		{9D779FE6-DDD0-4B4A-8C84-C6189E9717D2}.Release|Any CPU.Build.0 = Release|Any CPU
	EndGlobalSection
	GlobalSection(SolutionProperties) = preSolution
		HideSolutionNode = FALSE
	EndGlobalSection
	GlobalSection(ExtensibilityGlobals) = postSolution
		SolutionGuid = {ECCC715E-38FF-49C7-B9B2-620591C0AF31}
	EndGlobalSection
EndGlobal
